{
  "name": "public-safety-2026-theme",
  "version": "1.0.0",
  "lockfileVersion": 3,
  "requires": true,
  "packages": {
    "": {
      "name": "public-safety-2026-theme",
      "version": "1.0.0",
      "license": "GPL-2.0-or-later",
      "devDependencies": {
        "@wordpress/env": "file:../gutenberg/packages/env"
      }
    },
    "../gutenberg/packages/env": {
      "name": "@wordpress/env",
      "version": "10.32.0",
      "dev": true,
      "license": "GPL-2.0-or-later",
      "dependencies": {
        "@inquirer/prompts": "^7.2.0",
        "chalk": "^4.0.0",
        "copy-dir": "^1.3.0",
        "devcert": "^1.2.2",
        "docker-compose": "^0.24.3",
        "extract-zip": "^1.6.7",
        "got": "^11.8.5",
        "js-yaml": "^3.13.1",
        "ora": "^4.0.2",
        "rimraf": "^5.0.10",
        "simple-git": "^3.5.0",
        "terminal-link": "^2.0.0",
        "yargs": "^17.3.0"
      },
      "bin": {
        "wp-env": "bin/wp-env"
      },
      "engines": {
        "node": ">=18.12.0",
        "npm": ">=8.19.2"
      }
    },
    "node_modules/@wordpress/env": {
      "resolved": "../gutenberg/packages/env",
      "link": true
    }
  }
}
